
Microsoft Visual Studio Solution File, Format Version 12.00
# Visual Studio 2013
VisualStudioVersion = 12.0.21005.1
MinimumVisualStudioVersion = 10.0.40219.1
Project("{8BC9CEB8-8B4A-11D0-8D11-00A0C91BC942}") = "AVL", "AVL\AVL.vcxproj", "{F65DC8E6-74D4-4822-9B0C-B7BA42EFB4CF}"
EndProject
Global
	GlobalSection(SolutionConfigurationPlatforms) = preSolution
		Debug|Win32 = Debug|Win32
		Release|Win32 = Release|Win32
	EndGlobalSection
	GlobalSection(ProjectConfigurationPlatforms) = postSolution
		{F65DC8E6-74D4-4822-9B0C-B7BA42EFB4CF}.Debug|Win32.ActiveCfg = Debug|Win32
		{F65DC8E6-74D4-4822-9B0C-B7BA42EFB4CF}.Debug|Win32.Build.0 = Debug|Win32
		{F65DC8E6-74D4-4822-9B0C-B7BA42EFB4CF}.Release|Win32.ActiveCfg = Release|Win32
		{F65DC8E6-74D4-4822-9B0C-B7BA42EFB4CF}.Release|Win32.Build.0 = Release|Win32
	EndGlobalSection
	GlobalSection(SolutionProperties) = preSolution
		HideSolutionNode = FALSE
	EndGlobalSection
EndGlobal
